hash: b8edca76d28e5b9a0a04d07dedced4eb99ca88c58865570c20de508cf2f3fa9e
updated: 2017-11-19T02:56:24.65684268+05:30
imports:
- name: github.com/dev-gaur/workers
  version: f9d54bdff2cb43ce6caecff281f669ab8817f4b1
- name: github.com/robfig/cron
  version: 2315d5715e36303a941d907f038da7f7c44c773b
- name: gopkg.in/yaml.v2
  version: 287cf08546ab5e7e37d55a84f7ed3fd1db036de5
testImports:
- name: github.com/stretchr/testify
  version: 2aa2c176b9dab406a6970f6a55f513e8a8c8b18f
  subpackages:
  - require
